<?xml version="1.0" encoding="utf-8"?>
<Project ToolsVersion="4.0" xmlns="http://schemas.microsoft.com/developer/msbuild/2003">
  <ItemGroup>
    <Filter Include="Framework">
      <UniqueIdentifier>{4FC737F1-C7A5-4376-A066-2A32D752A2FF}</UniqueIdentifier>
      <Extensions>cpp;c;cc;cxx;c++;cppm;ixx;def;odl;idl;hpj;bat;asm;asmx</Extensions>
    </Filter>
    <Filter Include="Gameplay">
      <UniqueIdentifier>{9f87d256-79fa-4f47-aa73-1513d798d874}</UniqueIdentifier>
    </Filter>
    <Filter Include="Gameplay\GameplayObjects">
      <UniqueIdentifier>{098eb84f-9187-40a1-b7ea-a2247d1457df}</UniqueIdentifier>
    </Filter>
  </ItemGroup>
  <ItemGroup>
    <ClCompile Include="Main_Windows.cpp">
      <Filter>Framework</Filter>
    </ClCompile>
    <ClCompile Include="App.cpp">
      <Filter>Framework</Filter>
    </ClCompile>
    <ClCompile Include="Game.cpp">
      <Filter>Gameplay</Filter>
    </ClCompile>
    <ClCompile Include="Player.cpp">
      <Filter>Gameplay</Filter>
    </ClCompile>
    <ClCompile Include="Map.cpp">
      <Filter>Gameplay</Filter>
    </ClCompile>
    <ClCompile Include="PlayerPawn.cpp">
      <Filter>Gameplay</Filter>
    </ClCompile>
    <ClCompile Include="Tile.cpp">
      <Filter>Gameplay</Filter>
    </ClCompile>
    <ClCompile Include="TileDefinition.cpp">
      <Filter>Gameplay</Filter>
    </ClCompile>
    <ClCompile Include="Goal.cpp">
      <Filter>Gameplay\GameplayObjects</Filter>
    </ClCompile>
    <ClCompile Include="Lever.cpp">
      <Filter>Gameplay\GameplayObjects</Filter>
    </ClCompile>
    <ClCompile Include="Button.cpp">
      <Filter>Gameplay\GameplayObjects</Filter>
    </ClCompile>
    <ClCompile Include="Door.cpp">
      <Filter>Gameplay\GameplayObjects</Filter>
    </ClCompile>
    <ClCompile Include="Entity.cpp">
      <Filter>Gameplay</Filter>
    </ClCompile>
    <ClCompile Include="GameCommon.cpp">
      <Filter>Framework</Filter>
    </ClCompile>
    <ClCompile Include="MovingPlatform.cpp">
      <Filter>Gameplay\GameplayObjects</Filter>
    </ClCompile>
    <ClCompile Include="EntityUID.cpp">
      <Filter>Gameplay</Filter>
    </ClCompile>
    <ClCompile Include="HandController.cpp">
      <Filter>Gameplay</Filter>
    </ClCompile>
    <ClCompile Include="PlayerStart.cpp">
      <Filter>Gameplay</Filter>
    </ClCompile>
    <ClCompile Include="GameMathUtils.cpp">
      <Filter>Gameplay</Filter>
    </ClCompile>
    <ClCompile Include="Coin.cpp">
      <Filter>Gameplay\GameplayObjects</Filter>
    </ClCompile>
    <ClCompile Include="Crate.cpp">
      <Filter>Gameplay\GameplayObjects</Filter>
    </ClCompile>
    <ClCompile Include="Enemy_Orc.cpp">
      <Filter>Gameplay\GameplayObjects</Filter>
    </ClCompile>
    <ClCompile Include="Activatable.cpp">
      <Filter>Gameplay\GameplayObjects</Filter>
    </ClCompile>
    <ClCompile Include="Activator.cpp">
      <Filter>Gameplay\GameplayObjects</Filter>
    </ClCompile>
    <ClCompile Include="Particle.cpp">
      <Filter>Gameplay</Filter>
    </ClCompile>
  </ItemGroup>
  <ItemGroup>
    <ClInclude Include="App.hpp">
      <Filter>Framework</Filter>
    </ClInclude>
    <ClInclude Include="GameCommon.hpp">
      <Filter>Framework</Filter>
    </ClInclude>
    <ClInclude Include="EngineBuildPreferences.hpp">
      <Filter>Framework</Filter>
    </ClInclude>
    <ClInclude Include="Game.hpp">
      <Filter>Gameplay</Filter>
    </ClInclude>
    <ClInclude Include="Player.hpp">
      <Filter>Gameplay</Filter>
    </ClInclude>
    <ClInclude Include="Map.hpp">
      <Filter>Gameplay</Filter>
    </ClInclude>
    <ClInclude Include="PlayerPawn.hpp">
      <Filter>Gameplay</Filter>
    </ClInclude>
    <ClInclude Include="Tile.hpp">
      <Filter>Gameplay</Filter>
    </ClInclude>
    <ClInclude Include="TileDefinition.hpp">
      <Filter>Gameplay</Filter>
    </ClInclude>
    <ClInclude Include="Goal.hpp">
      <Filter>Gameplay\GameplayObjects</Filter>
    </ClInclude>
    <ClInclude Include="Activatable.hpp">
      <Filter>Gameplay\GameplayObjects</Filter>
    </ClInclude>
    <ClInclude Include="Lever.hpp">
      <Filter>Gameplay\GameplayObjects</Filter>
    </ClInclude>
    <ClInclude Include="Activator.hpp">
      <Filter>Gameplay\GameplayObjects</Filter>
    </ClInclude>
    <ClInclude Include="Button.hpp">
      <Filter>Gameplay\GameplayObjects</Filter>
    </ClInclude>
    <ClInclude Include="Door.hpp">
      <Filter>Gameplay\GameplayObjects</Filter>
    </ClInclude>
    <ClInclude Include="Entity.hpp">
      <Filter>Gameplay</Filter>
    </ClInclude>
    <ClInclude Include="MovingPlatform.hpp">
      <Filter>Gameplay\GameplayObjects</Filter>
    </ClInclude>
    <ClInclude Include="EntityUID.hpp">
      <Filter>Gameplay</Filter>
    </ClInclude>
    <ClInclude Include="HandController.hpp">
      <Filter>Gameplay</Filter>
    </ClInclude>
    <ClInclude Include="PlayerStart.hpp">
      <Filter>Gameplay</Filter>
    </ClInclude>
    <ClInclude Include="GameMathUtils.hpp">
      <Filter>Gameplay</Filter>
    </ClInclude>
    <ClInclude Include="Coin.hpp">
      <Filter>Gameplay\GameplayObjects</Filter>
    </ClInclude>
    <ClInclude Include="Crate.hpp">
      <Filter>Gameplay\GameplayObjects</Filter>
    </ClInclude>
    <ClInclude Include="Enemy_Orc.hpp">
      <Filter>Gameplay\GameplayObjects</Filter>
    </ClInclude>
    <ClInclude Include="Particle.hpp">
      <Filter>Gameplay</Filter>
    </ClInclude>
  </ItemGroup>
  <ItemGroup>
    <Text Include="..\..\ReadMe.md" />
  </ItemGroup>
</Project>